
Microsoft Visual Studio Solution File, Format Version 12.00
# Visual Studio Version 17
VisualStudioVersion = 17.1.32328.378
MinimumVisualStudioVersion = 10.0.40219.1
Project("{FAE04EC0-301F-11D3-BF4B-00C04F79EFBC}") = "trackBarKontrola", "trackBarKontrola\trackBarKontrola.csproj", "{F096FC27-9865-4EC6-BD8C-361DCF9E0AFB}"
EndProject
Global
	GlobalSection(SolutionConfigurationPlatforms) = preSolution
		Debug|Any CPU = Debug|Any CPU
		Release|Any CPU = Release|Any CPU
	EndGlobalSection
	GlobalSection(ProjectConfigurationPlatforms) = postSolution
		{F096FC27-9865-4EC6-BD8C-361DCF9E0AFB}.Debug|Any CPU.ActiveCfg = Debug|Any CPU
		{F096FC27-9865-4EC6-BD8C-361DCF9E0AFB}.Debug|Any CPU.Build.0 = Debug|Any CPU
		{F096FC27-9865-4EC6-BD8C-361DCF9E0AFB}.Release|Any CPU.ActiveCfg = Release|Any CPU
		{F096FC27-9865-4EC6-BD8C-361DCF9E0AFB}.Release|Any CPU.Build.0 = Release|Any CPU
	EndGlobalSection
	GlobalSection(SolutionProperties) = preSolution
		HideSolutionNode = FALSE
	EndGlobalSection
	GlobalSection(ExtensibilityGlobals) = postSolution
		SolutionGuid = {8E9CFD8F-1327-42E5-BE37-1C63EF9AF8D1}
	EndGlobalSection
EndGlobal
